Microsoft Visual Studio Solution File, Format Version 12.00
# Visual Studio Version 17
VisualStudioVersion = 17.5.2.0
MinimumVisualStudioVersion = 10.0.40219.1
Project("{2150E333-8FDC-42A3-9474-1A3956D46DE8}") = "src", "src", "{4033FF9A-0CA5-4DED-B4C7-73E94BC9C648}"
EndProject
Project("{FAE04EC0-301F-11D3-BF4B-00C04F79EFBC}") = "Api", "src\Api\Api.csproj", "{1BA68BFE-AE55-44CE-8583-9E01000932DF}"
EndProject
Project("{FAE04EC0-301F-11D3-BF4B-00C04F79EFBC}") = "Application", "src\Application\Application.csproj", "{E1F80F6D-E952-42EB-B877-FA8D9F5EB114}"
EndProject
Project("{FAE04EC0-301F-11D3-BF4B-00C04F79EFBC}") = "Domain", "src\Domain\Domain.csproj", "{B8A6056D-14AB-46AE-9207-93C59D7DF439}"
EndProject
Project("{FAE04EC0-301F-11D3-BF4B-00C04F79EFBC}") = "Infrastructure", "src\Infrastructure\Infrastructure.csproj", "{8B821970-6E04-484C-BD86-19342A9C5087}"
EndProject
Global
	GlobalSection(SolutionConfigurationPlatforms) = preSolution
		Debug|Any CPU = Debug|Any CPU
		Release|Any CPU = Release|Any CPU
	EndGlobalSection
	GlobalSection(ProjectConfigurationPlatforms) = postSolution
		{1BA68BFE-AE55-44CE-8583-9E01000932DF}.Debug|Any CPU.ActiveCfg = Debug|Any CPU
		{1BA68BFE-AE55-44CE-8583-9E01000932DF}.Debug|Any CPU.Build.0 = Debug|Any CPU
		{1BA68BFE-AE55-44CE-8583-9E01000932DF}.Release|Any CPU.ActiveCfg = Release|Any CPU
		{1BA68BFE-AE55-44CE-8583-9E01000932DF}.Release|Any CPU.Build.0 = Release|Any CPU
		{E1F80F6D-E952-42EB-B877-FA8D9F5EB114}.Debug|Any CPU.ActiveCfg = Debug|Any CPU
		{E1F80F6D-E952-42EB-B877-FA8D9F5EB114}.Debug|Any CPU.Build.0 = Debug|Any CPU
		{E1F80F6D-E952-42EB-B877-FA8D9F5EB114}.Release|Any CPU.ActiveCfg = Release|Any CPU
		{E1F80F6D-E952-42EB-B877-FA8D9F5EB114}.Release|Any CPU.Build.0 = Release|Any CPU
		{B8A6056D-14AB-46AE-9207-93C59D7DF439}.Debug|Any CPU.ActiveCfg = Debug|Any CPU
		{B8A6056D-14AB-46AE-9207-93C59D7DF439}.Debug|Any CPU.Build.0 = Debug|Any CPU
		{B8A6056D-14AB-46AE-9207-93C59D7DF439}.Release|Any CPU.ActiveCfg = Release|Any CPU
		{B8A6056D-14AB-46AE-9207-93C59D7DF439}.Release|Any CPU.Build.0 = Release|Any CPU
		{8B821970-6E04-484C-BD86-19342A9C5087}.Debug|Any CPU.ActiveCfg = Debug|Any CPU
		{8B821970-6E04-484C-BD86-19342A9C5087}.Debug|Any CPU.Build.0 = Debug|Any CPU
		{8B821970-6E04-484C-BD86-19342A9C5087}.Release|Any CPU.ActiveCfg = Release|Any CPU
		{8B821970-6E04-484C-BD86-19342A9C5087}.Release|Any CPU.Build.0 = Release|Any CPU
	EndGlobalSection
	GlobalSection(SolutionProperties) = preSolution
		HideSolutionNode = FALSE
	EndGlobalSection
	GlobalSection(ExtensibilityGlobals) = postSolution
		SolutionGuid = {BCB9662C-9BB5-4168-B96B-6A0A70AF3A04}
	EndGlobalSection
	GlobalSection(NestedProjects) = preSolution
		{1BA68BFE-AE55-44CE-8583-9E01000932DF} = {4033FF9A-0CA5-4DED-B4C7-73E94BC9C648}
		{E1F80F6D-E952-42EB-B877-FA8D9F5EB114} = {4033FF9A-0CA5-4DED-B4C7-73E94BC9C648}
		{B8A6056D-14AB-46AE-9207-93C59D7DF439} = {4033FF9A-0CA5-4DED-B4C7-73E94BC9C648}
		{8B821970-6E04-484C-BD86-19342A9C5087} = {4033FF9A-0CA5-4DED-B4C7-73E94BC9C648}
	EndGlobalSection
EndGlobal
